
Microsoft Visual Studio Solution File, Format Version 12.00
# Visual Studio Version 16
VisualStudioVersion = 16.0.30611.23
MinimumVisualStudioVersion = 10.0.40219.1
Project("{FAE04EC0-301F-11D3-BF4B-00C04F79EFBC}") = "GundamShop", "GundamShop\GundamShop.csproj", "{453BE86B-C776-4801-A5D8-8247B30997C9}"
EndProject
Project("{FAE04EC0-301F-11D3-BF4B-00C04F79EFBC}") = "Models", "Models\Models.csproj", "{38597245-EA02-4F8B-8137-A5418E9F724E}"
EndProject
Global
	GlobalSection(SolutionConfigurationPlatforms) = preSolution
		Debug|Any CPU = Debug|Any CPU
		Release|Any CPU = Release|Any CPU
	EndGlobalSection
	GlobalSection(ProjectConfigurationPlatforms) = postSolution
		{453BE86B-C776-4801-A5D8-8247B30997C9}.Debug|Any CPU.ActiveCfg = Debug|Any CPU
		{453BE86B-C776-4801-A5D8-8247B30997C9}.Debug|Any CPU.Build.0 = Debug|Any CPU
		{453BE86B-C776-4801-A5D8-8247B30997C9}.Release|Any CPU.ActiveCfg = Release|Any CPU
		{453BE86B-C776-4801-A5D8-8247B30997C9}.Release|Any CPU.Build.0 = Release|Any CPU
		{38597245-EA02-4F8B-8137-A5418E9F724E}.Debug|Any CPU.ActiveCfg = Debug|Any CPU
		{38597245-EA02-4F8B-8137-A5418E9F724E}.Debug|Any CPU.Build.0 = Debug|Any CPU
		{38597245-EA02-4F8B-8137-A5418E9F724E}.Release|Any CPU.ActiveCfg = Release|Any CPU
		{38597245-EA02-4F8B-8137-A5418E9F724E}.Release|Any CPU.Build.0 = Release|Any CPU
	EndGlobalSection
	GlobalSection(SolutionProperties) = preSolution
		HideSolutionNode = FALSE
	EndGlobalSection
	GlobalSection(ExtensibilityGlobals) = postSolution
		SolutionGuid = {3004B0A5-755C-47C0-8BC5-2633C677D724}
	EndGlobalSection
EndGlobal
